
Microsoft Visual Studio Solution File, Format Version 12.00
# Visual Studio Version 17
VisualStudioVersion = 17.6.33815.320
MinimumVisualStudioVersion = 10.0.40219.1
Project("{FAE04EC0-301F-11D3-BF4B-00C04F79EFBC}") = "Audio Player for streaming", "Audio Player for streaming.csproj", "{3D6C7733-52E0-4DF3-94A5-BDDB3701D085}"
EndProject
Global
	GlobalSection(SolutionConfigurationPlatforms) = preSolution
		Debug|Any CPU = Debug|Any CPU
		Release|Any CPU = Release|Any CPU
	EndGlobalSection
	GlobalSection(ProjectConfigurationPlatforms) = postSolution
		{3D6C7733-52E0-4DF3-94A5-BDDB3701D085}.Debug|Any CPU.ActiveCfg = Debug|Any CPU
		{3D6C7733-52E0-4DF3-94A5-BDDB3701D085}.Debug|Any CPU.Build.0 = Debug|Any CPU
		{3D6C7733-52E0-4DF3-94A5-BDDB3701D085}.Release|Any CPU.ActiveCfg = Release|Any CPU
		{3D6C7733-52E0-4DF3-94A5-BDDB3701D085}.Release|Any CPU.Build.0 = Release|Any CPU
	EndGlobalSection
	GlobalSection(SolutionProperties) = preSolution
		HideSolutionNode = FALSE
	EndGlobalSection
	GlobalSection(ExtensibilityGlobals) = postSolution
		SolutionGuid = {FB870264-B1D7-4FA6-A066-F68D9B8F30B2}
	EndGlobalSection
EndGlobal
